{
  "hash": "c085d92d1c1cc9a9984daf742fd16967c6880d5b4afa9db18cbfdeb8a7052227",
  "versions": {
    "kokkos": "5.2.1",
    "openmpi": "4.1.6",
    "superlu": "5.3.0"
  },
  "dependencies": {
    "independent": [
      "kokkos@5.2.1",
      "openmpi@4.1.6",
      "openblas",
      "boost"
    ],
    "dependent": [
      "kokkos-kernels"
    ]
  }
}